// !$*UTF8*$!
{
	archiveVersion = 1;
	classes = {
	};
	objectVersion = 50;
	objects = {

/* Begin PBXBuildFile section */
		BA0D1F982404322D00AA3E31 /* AppDelegate.swift in Sources */ = {isa = PBXBuildFile; fileRef = BA0D1F972404322D00AA3E31 /* AppDelegate.swift */; };
		BA0D1F9A2404322D00AA3E31 /* SceneDelegate.swift in Sources */ = {isa = PBXBuildFile; fileRef = BA0D1F992404322D00AA3E31 /* SceneDelegate.swift */; };
		BA0D1F9C2404322D00AA3E31 /* ViewController.swift in Sources */ = {isa = PBXBuildFile; fileRef = BA0D1F9B2404322D00AA3E31 /* ViewController.swift */; };
		BA0D1F9F2404322D00AA3E31 /* Main.storyboard in Resources */ = {isa = PBXBuildFile; fileRef = BA0D1F9D2404322D00AA3E31 /* Main.storyboard */; };
		BA0D1FA12404323200AA3E31 /* Assets.xcassets in Resources */ = {isa = PBXBuildFile; fileRef = BA0D1FA02404323200AA3E31 /* Assets.xcassets */; };
		BA0D1FA42404323200AA3E31 /* LaunchScreen.storyboard in Resources */ = {isa = PBXBuildFile; fileRef = BA0D1FA22404323200AA3E31 /* LaunchScreen.storyboard */; };
		BA0D1FAF2404323300AA3E31 /* Mobile_MappersTests.swift in Sources */ = {isa = PBXBuildFile; fileRef = BA0D1FAE2404323300AA3E31 /* Mobile_MappersTests.swift */; };
		BA0D1FBA2404323300AA3E31 /* Mobile_MappersUITests.swift in Sources */ = {isa = PBXBuildFile; fileRef = BA0D1FB92404323300AA3E31 /* Mobile_MappersUITests.swift */; };
/* End PBXBuildFile section */

/* Begin PBXContainerItemProxy section */
		BA0D1FAB2404323300AA3E31 /* PBXContainerItemProxy */ = {
			isa = PBXContainerItemProxy;
			containerPortal = BA0D1F8C2404322D00AA3E31 /* Project object */;
			proxyType = 1;
			remoteGlobalIDString = BA0D1F932404322D00AA3E31;
			remoteInfo = "Mobile Mappers";
		};
		BA0D1FB62404323300AA3E31 /* PBXContainerItemProxy */ = {
			isa = PBXContainerItemProxy;
			containerPortal = BA0D1F8C2404322D00AA3E31 /* Project object */;
			proxyType = 1;
			remoteGlobalIDString = BA0D1F932404322D00AA3E31;
			remoteInfo = "Mobile Mappers";
		};
/* End PBXContainerItemProxy section */

/* Begin PBXFileReference section */
		BA0D1F942404322D00AA3E31 /* Mobile Mappers.app */ = {isa = PBXFileReference; explicitFileType = wrapper.application; includeInIndex = 0; path = "Mobile Mappers.app"; sourceTree = BUILT_PRODUCTS_DIR; };
		BA0D1F972404322D00AA3E31 /* AppDelegate.swift */ = {isa = PBXFileReference; lastKnownFileType = sourcecode.swift; path = AppDelegate.swift; sourceTree = "<group>"; };
		BA0D1F992404322D00AA3E31 /* SceneDelegate.swift */ = {isa = PBXFileReference; lastKnownFileType = sourcecode.swift; path = SceneDelegate.swift; sourceTree = "<group>"; };
		BA0D1F9B2404322D00AA3E31 /* ViewController.swift */ = {isa = PBXFileReference; lastKnownFileType = sourcecode.swift; path = ViewController.swift; sourceTree = "<group>"; };
		BA0D1F9E2404322D00AA3E31 /* Base */ = {isa = PBXFileReference; lastKnownFileType = file.storyboard; name = Base; path = Base.lproj/Main.storyboard; sourceTree = "<group>"; };
		BA0D1FA02404323200AA3E31 /* Assets.xcassets */ = {isa = PBXFileReference; lastKnownFileType = folder.assetcatalog; path = Assets.xcassets; sourceTree = "<group>"; };
		BA0D1FA32404323200AA3E31 /* Base */ = {isa = PBXFileReference; lastKnownFileType = file.storyboard; name = Base; path = Base.lproj/LaunchScreen.storyboard; sourceTree = "<group>"; };
		BA0D1FA52404323200AA3E31 /* Info.plist */ = {isa = PBXFileReference; lastKnownFileType = text.plist.xml; path = Info.plist; sourceTree = "<group>"; };
		BA0D1FAA2404323300AA3E31 /* Mobile MappersTests.xctest */ = {isa = PBXFileReference; explicitFileType = wrapper.cfbundle; includeInIndex = 0; path = "Mobile MappersTests.xctest"; sourceTree = BUILT_PRODUCTS_DIR; };
		BA0D1FAE2404323300AA3E31 /* Mobile_MappersTests.swift */ = {isa = PBXFileReference; lastKnownFileType = sourcecode.swift; path = Mobile_MappersTests.swift; sourceTree = "<group>"; };
		BA0D1FB02404323300AA3E31 /* Info.plist */ = {isa = PBXFileReference; lastKnownFileType = text.plist.xml; path = Info.plist; sourceTree = "<group>"; };
		BA0D1FB52404323300AA3E31 /* Mobile MappersUITests.xctest */ = {isa = PBXFileReference; explicitFileType = wrapper.cfbundle; includeInIndex = 0; path = "Mobile MappersUITests.xctest"; sourceTree = BUILT_PRODUCTS_DIR; };
		BA0D1FB92404323300AA3E31 /* Mobile_MappersUITests.swift */ = {isa = PBXFileReference; lastKnownFileType = sourcecode.swift; path = Mobile_MappersUITests.swift; sourceTree = "<group>"; };
		BA0D1FBB2404323300AA3E31 /* Info.plist */ = {isa = PBXFileReference; lastKnownFileType = text.plist.xml; path = Info.plist; sourceTree = "<group>"; };
/* End PBXFileReference section */

/* Begin PBXFrameworksBuildPhase section */
		BA0D1F912404322D00AA3E31 /* Frameworks */ = {
			isa = PBXFrameworksBuildPhase;
			buildActionMask = 2147483647;
			files = (
			);
			runOnlyForDeploymentPostprocessing = 0;
		};
		BA0D1FA72404323300AA3E31 /* Frameworks */ = {
			isa = PBXFrameworksBuildPhase;
			buildActionMask = 2147483647;
			files = (
			);
			runOnlyForDeploymentPostprocessing = 0;
		};
		BA0D1FB22404323300AA3E31 /* Frameworks */ = {
			isa = PBXFrameworksBuildPhase;
			buildActionMask = 2147483647;
			files = (
			);
			runOnlyForDeploymentPostprocessing = 0;
		};
/* End PBXFrameworksBuildPhase section */

/* Begin PBXGroup section */
		BA0D1F8B2404322D00AA3E31 = {
			isa = PBXGroup;
			children = (
				BA0D1F962404322D00AA3E31 /* Mobile Mappers */,
				BA0D1FAD2404323300AA3E31 /* Mobile MappersTests */,
				BA0D1FB82404323300AA3E31 /* Mobile MappersUITests */,
				BA0D1F952404322D00AA3E31 /* Products */,
			);
			sourceTree = "<group>";
		};
		BA0D1F952404322D00AA3E31 /* Products */ = {
			isa = PBXGroup;
			children = (
				BA0D1F942404322D00AA3E31 /* Mobile Mappers.app */,
				BA0D1FAA2404323300AA3E31 /* Mobile MappersTests.xctest */,
				BA0D1FB52404323300AA3E31 /* Mobile MappersUITests.xctest */,
			);
			name = Products;
			sourceTree = "<group>";
		};
		BA0D1F962404322D00AA3E31 /* Mobile Mappers */ = {
			isa = PBXGroup;
			children = (
				BA0D1F972404322D00AA3E31 /* AppDelegate.swift */,
				BA0D1F992404322D00AA3E31 /* SceneDelegate.swift */,
				BA0D1F9B2404322D00AA3E31 /* ViewController.swift */,
				BA0D1F9D2404322D00AA3E31 /* Main.storyboard */,
				BA0D1FA02404323200AA3E31 /* Assets.xcassets */,
				BA0D1FA22404323200AA3E31 /* LaunchScreen.storyboard */,
				BA0D1FA52404323200AA3E31 /* Info.plist */,
			);
			path = "Mobile Mappers";
			sourceTree = "<group>";
		};
		BA0D1FAD2404323300AA3E31 /* Mobile MappersTests */ = {
			isa = PBXGroup;
			children = (
				BA0D1FAE2404323300AA3E31 /* Mobile_MappersTests.swift */,
				BA0D1FB02404323300AA3E31 /* Info.plist */,
			);
			path = "Mobile MappersTests";
			sourceTree = "<group>";
		};
		BA0D1FB82404323300AA3E31 /* Mobile MappersUITests */ = {
			isa = PBXGroup;
			children = (
				BA0D1FB92404323300AA3E31 /* Mobile_MappersUITests.swift */,
				BA0D1FBB2404323300AA3E31 /* Info.plist */,
			);
			path = "Mobile MappersUITests";
			sourceTree = "<group>";
		};
/* End PBXGroup section */

/* Begin PBXNativeTarget section */
		BA0D1F932404322D00AA3E31 /* Mobile Mappers */ = {
			isa = PBXNativeTarget;
			buildConfigurationList = BA0D1FBE2404323300AA3E31 /* Build configuration list for PBXNativeTarget "Mobile Mappers" */;
			buildPhases = (
				BA0D1F902404322D00AA3E31 /* Sources */,
				BA0D1F912404322D00AA3E31 /* Frameworks */,
				BA0D1F922404322D00AA3E31 /* Resources */,
			);
			buildRules = (
			);
			dependencies = (
			);
			name = "Mobile Mappers";
			productName = "Mobile Mappers";
			productReference = BA0D1F942404322D00AA3E31 /* Mobile Mappers.app */;
			productType = "com.apple.product-type.application";
		};
		BA0D1FA92404323300AA3E31 /* Mobile MappersTests */ = {
			isa = PBXNativeTarget;
			buildConfigurationList = BA0D1FC12404323300AA3E31 /* Build configuration list for PBXNativeTarget "Mobile MappersTests" */;
			buildPhases = (
				BA0D1FA62404323300AA3E31 /* Sources */,
				BA0D1FA72404323300AA3E31 /* Frameworks */,
				BA0D1FA82404323300AA3E31 /* Resources */,
			);
			buildRules = (
			);
			dependencies = (
				BA0D1FAC2404323300AA3E31 /* PBXTargetDependency */,
			);
			name = "Mobile MappersTests";
			productName = "Mobile MappersTests";
			productReference = BA0D1FAA2404323300AA3E31 /* Mobile MappersTests.xctest */;
			productType = "com.apple.product-type.bundle.unit-test";
		};
		BA0D1FB42404323300AA3E31 /* Mobile MappersUITests */ = {
			isa = PBXNativeTarget;
			buildConfigurationList = BA0D1FC42404323300AA3E31 /* Build configuration list for PBXNativeTarget "Mobile MappersUITests" */;
			buildPhases = (
				BA0D1FB12404323300AA3E31 /* Sources */,
				BA0D1FB22404323300AA3E31 /* Frameworks */,
				BA0D1FB32404323300AA3E31 /* Resources */,
			);
			buildRules = (
			);
			dependencies = (
				BA0D1FB72404323300AA3E31 /* PBXTargetDependency */,
			);
			name = "Mobile MappersUITests";
			productName = "Mobile MappersUITests";
			productReference = BA0D1FB52404323300AA3E31 /* Mobile MappersUITests.xctest */;
			productType = "com.apple.product-type.bundle.ui-testing";
		};
/* End PBXNativeTarget section */

/* Begin PBXProject section */
		BA0D1F8C2404322D00AA3E31 /* Project object */ = {
			isa = PBXProject;
			attributes = {
				LastSwiftUpdateCheck = 1120;
				LastUpgradeCheck = 1120;
				ORGANIZATIONNAME = "matt imdad";
				TargetAttributes = {
					BA0D1F932404322D00AA3E31 = {
						CreatedOnToolsVersion = 11.2;
					};
					BA0D1FA92404323300AA3E31 = {
						CreatedOnToolsVersion = 11.2;
						TestTargetID = BA0D1F932404322D00AA3E31;
					};
					BA0D1FB42404323300AA3E31 = {
						CreatedOnToolsVersion = 11.2;
						TestTargetID = BA0D1F932404322D00AA3E31;
					};
				};
			};
			buildConfigurationList = BA0D1F8F2404322D00AA3E31 /* Build configuration list for PBXProject "Mobile Mappers" */;
			compatibilityVersion = "Xcode 9.3";
			developmentRegion = en;
			hasScannedForEncodings = 0;
			knownRegions = (
				en,
				Base,
			);
			mainGroup = BA0D1F8B2404322D00AA3E31;
			productRefGroup = BA0D1F952404322D00AA3E31 /* Products */;
			projectDirPath = "";
			projectRoot = "";
			targets = (
				BA0D1F932404322D00AA3E31 /* Mobile Mappers */,
				BA0D1FA92404323300AA3E31 /* Mobile MappersTests */,
				BA0D1FB42404323300AA3E31 /* Mobile MappersUITests */,
			);
		};
/* End PBXProject section */

/* Begin PBXResourcesBuildPhase section */
		BA0D1F922404322D00AA3E31 /* Resources */ = {
			isa = PBXResourcesBuildPhase;
			buildActionMask = 2147483647;
			files = (
				BA0D1FA42404323200AA3E31 /* LaunchScreen.storyboard in Resources */,
				BA0D1FA12404323200AA3E31 /* Assets.xcassets in Resources */,
				BA0D1F9F2404322D00AA3E31 /* Main.storyboard in Resources */,
			);
			runOnlyForDeploymentPostprocessing = 0;
		};
		BA0D1FA82404323300AA3E31 /* Resources */ = {
			isa = PBXResourcesBuildPhase;
			buildActionMask = 2147483647;
			files = (
			);
			runOnlyForDeploymentPostprocessing = 0;
		};
		BA0D1FB32404323300AA3E31 /* Resources */ = {
			isa = PBXResourcesBuildPhase;
			buildActionMask = 2147483647;
			files = (
			);
			runOnlyForDeploymentPostprocessing = 0;
		};
/* End PBXResourcesBuildPhase section */

/* Begin PBXSourcesBuildPhase section */
		BA0D1F902404322D00AA3E31 /* Sources */ = {
			isa = PBXSourcesBuildPhase;
			buildActionMask = 2147483647;
			files = (
				BA0D1F9C2404322D00AA3E31 /* ViewController.swift in Sources */,
				BA0D1F982404322D00AA3E31 /* AppDelegate.swift in Sources */,
				BA0D1F9A2404322D00AA3E31 /* SceneDelegate.swift in Sources */,
			);
			runOnlyForDeploymentPostprocessing = 0;
		};
		BA0D1FA62404323300AA3E31 /* Sources */ = {
			isa = PBXSourcesBuildPhase;
			buildActionMask = 2147483647;
			files = (
				BA0D1FAF2404323300AA3E31 /* Mobile_MappersTests.swift in Sources */,
			);
			runOnlyForDeploymentPostprocessing = 0;
		};
		BA0D1FB12404323300AA3E31 /* Sources */ = {
			isa = PBXSourcesBuildPhase;
			buildActionMask = 2147483647;
			files = (
				BA0D1FBA2404323300AA3E31 /* Mobile_MappersUITests.swift in Sources */,
			);
			runOnlyForDeploymentPostprocessing = 0;
		};
/* End PBXSourcesBuildPhase section */

/* Begin PBXTargetDependency section */
		BA0D1FAC2404323300AA3E31 /* PBXTargetDependency */ = {
			isa = PBXTargetDependency;
			target = BA0D1F932404322D00AA3E31 /* Mobile Mappers */;
			targetProxy = BA0D1FAB2404323300AA3E31 /* PBXContainerItemProxy */;
		};
		BA0D1FB72404323300AA3E31 /* PBXTargetDependency */ = {
			isa = PBXTargetDependency;
			target = BA0D1F932404322D00AA3E31 /* Mobile Mappers */;
			targetProxy = BA0D1FB62404323300AA3E31 /* PBXContainerItemProxy */;
		};
/* End PBXTargetDependency section */

/* Begin PBXVariantGroup section */
		BA0D1F9D2404322D00AA3E31 /* Main.storyboard */ = {
			isa = PBXVariantGroup;
			children = (
				BA0D1F9E2404322D00AA3E31 /* Base */,
			);
			name = Main.storyboard;
			sourceTree = "<group>";
		};
		BA0D1FA22404323200AA3E31 /* LaunchScreen.storyboard */ = {
			isa = PBXVariantGroup;
			children = (
				BA0D1FA32404323200AA3E31 /* Base */,
			);
			name = LaunchScreen.storyboard;
			sourceTree = "<group>";
		};
/* End PBXVariantGroup section */

/* Begin XCBuildConfiguration section */
		BA0D1FBC2404323300AA3E31 /* Debug */ = {
			isa = XCBuildConfiguration;
			buildSettings = {
				ALWAYS_SEARCH_USER_PATHS = NO;
				CLANG_ANALYZER_NONNULL = YES;
				CLANG_ANALYZER_NUMBER_OBJECT_CONVERSION = YES_AGGRESSIVE;
				CLANG_CXX_LANGUAGE_STANDARD = "gnu++14";
				CLANG_CXX_LIBRARY = "libc++";
				CLANG_ENABLE_MODULES = YES;
				CLANG_ENABLE_OBJC_ARC = YES;
				CLANG_ENABLE_OBJC_WEAK = YES;
				CLANG_WARN_BLOCK_CAPTURE_AUTORELEASING = YES;
				CLANG_WARN_BOOL_CONVERSION = YES;
				CLANG_WARN_COMMA = YES;
				CLANG_WARN_CONSTANT_CONVERSION = YES;
				CLANG_WARN_DEPRECATED_OBJC_IMPLEMENTATIONS = YES;
				CLANG_WARN_DIRECT_OBJC_ISA_USAGE = YES_ERROR;
				CLANG_WARN_DOCUMENTATION_COMMENTS = YES;
				CLANG_WARN_EMPTY_BODY = YES;
				CLANG_WARN_ENUM_CONVERSION = YES;
				CLANG_WARN_INFINITE_RECURSION = YES;
				CLANG_WARN_INT_CONVERSION = YES;
				CLANG_WARN_NON_LITERAL_NULL_CONVERSION = YES;
				CLANG_WARN_OBJC_IMPLICIT_RETAIN_SELF = YES;
				CLANG_WARN_OBJC_LITERAL_CONVERSION = YES;
				CLANG_WARN_OBJC_ROOT_CLASS = YES_ERROR;
				CLANG_WARN_RANGE_LOOP_ANALYSIS = YES;
				CLANG_WARN_STRICT_PROTOTYPES = YES;
				CLANG_WARN_SUSPICIOUS_MOVE = YES;
				CLANG_WARN_UNGUARDED_AVAILABILITY = YES_AGGRESSIVE;
				CLANG_WARN_UNREACHABLE_CODE = YES;
				CLANG_WARN__DUPLICATE_METHOD_MATCH = YES;
				COPY_PHASE_STRIP = NO;
				DEBUG_INFORMATION_FORMAT = dwarf;
				ENABLE_STRICT_OBJC_MSGSEND = YES;
				ENABLE_TESTABILITY = YES;
				GCC_C_LANGUAGE_STANDARD = gnu11;
				GCC_DYNAMIC_NO_PIC = NO;
				GCC_NO_COMMON_BLOCKS = YES;
				GCC_OPTIMIZATION_LEVEL = 0;
				GCC_PREPROCESSOR_DEFINITIONS = (
					"DEBUG=1",
					"$(inherited)",
				);
				GCC_WARN_64_TO_32_BIT_CONVERSION = YES;
				GCC_WARN_ABOUT_RETURN_TYPE = YES_ERROR;
				GCC_WARN_UNDECLARED_SELECTOR = YES;
				GCC_WARN_UNINITIALIZED_AUTOS = YES_AGGRESSIVE;
				GCC_WARN_UNUSED_FUNCTION = YES;
				GCC_WARN_UNUSED_VARIABLE = YES;
				IPHONEOS_DEPLOYMENT_TARGET = 13.2;
				MTL_ENABLE_DEBUG_INFO = INCLUDE_SOURCE;
				MTL_FAST_MATH = YES;
				ONLY_ACTIVE_ARCH = YES;
				SDKROOT = iphoneos;
				SWIFT_ACTIVE_COMPILATION_CONDITIONS = DEBUG;
				SWIFT_OPTIMIZATION_LEVEL = "-Onone";
			};
			name = Debug;
		};
		BA0D1FBD2404323300AA3E31 /* Release */ = {
			isa = XCBuildConfiguration;
			buildSettings = {
				ALWAYS_SEARCH_USER_PATHS = NO;
				CLANG_ANALYZER_NONNULL = YES;
				CLANG_ANALYZER_NUMBER_OBJECT_CONVERSION = YES_AGGRESSIVE;
				CLANG_CXX_LANGUAGE_STANDARD = "gnu++14";
				CLANG_CXX_LIBRARY = "libc++";
				CLANG_ENABLE_MODULES = YES;
				CLANG_ENABLE_OBJC_ARC = YES;
				CLANG_ENABLE_OBJC_WEAK = YES;
				CLANG_WARN_BLOCK_CAPTURE_AUTORELEASING = YES;
				CLANG_WARN_BOOL_CONVERSION = YES;
				CLANG_WARN_COMMA = YES;
				CLANG_WARN_CONSTANT_CONVERSION = YES;
				CLANG_WARN_DEPRECATED_OBJC_IMPLEMENTATIONS = YES;
				CLANG_WARN_DIRECT_OBJC_ISA_USAGE = YES_ERROR;
				CLANG_WARN_DOCUMENTATION_COMMENTS = YES;
				CLANG_WARN_EMPTY_BODY = YES;
				CLANG_WARN_ENUM_CONVERSION = YES;
				CLANG_WARN_INFINITE_RECURSION = YES;
				CLANG_WARN_INT_CONVERSION = YES;
				CLANG_WARN_NON_LITERAL_NULL_CONVERSION = YES;
				CLANG_WARN_OBJC_IMPLICIT_RETAIN_SELF = YES;
				CLANG_WARN_OBJC_LITERAL_CONVERSION = YES;
				CLANG_WARN_OBJC_ROOT_CLASS = YES_ERROR;
				CLANG_WARN_RANGE_LOOP_ANALYSIS = YES;
				CLANG_WARN_STRICT_PROTOTYPES = YES;
				CLANG_WARN_SUSPICIOUS_MOVE = YES;
				CLANG_WARN_UNGUARDED_AVAILABILITY = YES_AGGRESSIVE;
				CLANG_WARN_UNREACHABLE_CODE = YES;
				CLANG_WARN__DUPLICATE_METHOD_MATCH = YES;
				COPY_PHASE_STRIP = NO;
				DEBUG_INFORMATION_FORMAT = "dwarf-with-dsym";
				ENABLE_NS_ASSERTIONS = NO;
				ENABLE_STRICT_OBJC_MSGSEND = YES;
				GCC_C_LANGUAGE_STANDARD = gnu11;
				GCC_NO_COMMON_BLOCKS = YES;
				GCC_WARN_64_TO_32_BIT_CONVERSION = YES;
				GCC_WARN_ABOUT_RETURN_TYPE = YES_ERROR;
				GCC_WARN_UNDECLARED_SELECTOR = YES;
				GCC_WARN_UNINITIALIZED_AUTOS = YES_AGGRESSIVE;
				GCC_WARN_UNUSED_FUNCTION = YES;
				GCC_WARN_UNUSED_VARIABLE = YES;
				IPHONEOS_DEPLOYMENT_TARGET = 13.2;
				MTL_ENABLE_DEBUG_INFO = NO;
				MTL_FAST_MATH = YES;
				SDKROOT = iphoneos;
				SWIFT_COMPILATION_MODE = wholemodule;
				SWIFT_OPTIMIZATION_LEVEL = "-O";
				VALIDATE_PRODUCT = YES;
			};
			name = Release;
		};
		BA0D1FBF2404323300AA3E31 /* Debug */ = {
			isa = XCBuildConfiguration;
			buildSettings = {
				ASSETCATALOG_COMPILER_APPICON_NAME = AppIcon;
				CODE_SIGN_STYLE = Automatic;
				INFOPLIST_FILE = "Mobile Mappers/Info.plist";
				LD_RUNPATH_SEARCH_PATHS = (
					"$(inherited)",
					"@executable_path/Frameworks",
				);
				PRODUCT_BUNDLE_IDENTIFIER = "imdad.Mobile-Mappers";
				PRODUCT_NAME = "$(TARGET_NAME)";
				SWIFT_VERSION = 5.0;
				TARGETED_DEVICE_FAMILY = "1,2";
			};
			name = Debug;
		};
		BA0D1FC02404323300AA3E31 /* Release */ = {
			isa = XCBuildConfiguration;
			buildSettings = {
				ASSETCATALOG_COMPILER_APPICON_NAME = AppIcon;
				CODE_SIGN_STYLE = Automatic;
				INFOPLIST_FILE = "Mobile Mappers/Info.plist";
				LD_RUNPATH_SEARCH_PATHS = (
					"$(inherited)",
					"@executable_path/Frameworks",
				);
				PRODUCT_BUNDLE_IDENTIFIER = "imdad.Mobile-Mappers";
				PRODUCT_NAME = "$(TARGET_NAME)";
				SWIFT_VERSION = 5.0;
				TARGETED_DEVICE_FAMILY = "1,2";
			};
			name = Release;
		};
		BA0D1FC22404323300AA3E31 /* Debug */ = {
			isa = XCBuildConfiguration;
			buildSettings = {
				ALWAYS_EMBED_SWIFT_STANDARD_LIBRARIES = YES;
				BUNDLE_LOADER = "$(TEST_HOST)";
				CODE_SIGN_STYLE = Automatic;
				INFOPLIST_FILE = "Mobile MappersTests/Info.plist";
				IPHONEOS_DEPLOYMENT_TARGET = 13.2;
				LD_RUNPATH_SEARCH_PATHS = (
					"$(inherited)",
					"@executable_path/Frameworks",
					"@loader_path/Frameworks",
				);
				PRODUCT_BUNDLE_IDENTIFIER = "imdad.Mobile-MappersTests";
				PRODUCT_NAME = "$(TARGET_NAME)";
				SWIFT_VERSION = 5.0;
				TARGETED_DEVICE_FAMILY = "1,2";
				TEST_HOST = "$(BUILT_PRODUCTS_DIR)/Mobile Mappers.app/Mobile Mappers";
			};
			name = Debug;
		};
		BA0D1FC32404323300AA3E31 /* Release */ = {
			isa = XCBuildConfiguration;
			buildSettings = {
				ALWAYS_EMBED_SWIFT_STANDARD_LIBRARIES = YES;
				BUNDLE_LOADER = "$(TEST_HOST)";
				CODE_SIGN_STYLE = Automatic;
				INFOPLIST_FILE = "Mobile MappersTests/Info.plist";
				IPHONEOS_DEPLOYMENT_TARGET = 13.2;
				LD_RUNPATH_SEARCH_PATHS = (
					"$(inherited)",
					"@executable_path/Frameworks",
					"@loader_path/Frameworks",
				);
				PRODUCT_BUNDLE_IDENTIFIER = "imdad.Mobile-MappersTests";
				PRODUCT_NAME = "$(TARGET_NAME)";
				SWIFT_VERSION = 5.0;
				TARGETED_DEVICE_FAMILY = "1,2";
				TEST_HOST = "$(BUILT_PRODUCTS_DIR)/Mobile Mappers.app/Mobile Mappers";
			};
			name = Release;
		};
		BA0D1FC52404323300AA3E31 /* Debug */ = {
			isa = XCBuildConfiguration;
			buildSettings = {
				ALWAYS_EMBED_SWIFT_STANDARD_LIBRARIES = YES;
				CODE_SIGN_STYLE = Automatic;
				INFOPLIST_FILE = "Mobile MappersUITests/Info.plist";
				LD_RUNPATH_SEARCH_PATHS = (
					"$(inherited)",
					"@executable_path/Frameworks",
					"@loader_path/Frameworks",
				);
				PRODUCT_BUNDLE_IDENTIFIER = "imdad.Mobile-MappersUITests";
				PRODUCT_NAME = "$(TARGET_NAME)";
				SWIFT_VERSION = 5.0;
				TARGETED_DEVICE_FAMILY = "1,2";
				TEST_TARGET_NAME = "Mobile Mappers";
			};
			name = Debug;
		};
		BA0D1FC62404323300AA3E31 /* Release */ = {
			isa = XCBuildConfiguration;
			buildSettings = {
				ALWAYS_EMBED_SWIFT_STANDARD_LIBRARIES = YES;
				CODE_SIGN_STYLE = Automatic;
				INFOPLIST_FILE = "Mobile MappersUITests/Info.plist";
				LD_RUNPATH_SEARCH_PATHS = (
					"$(inherited)",
					"@executable_path/Frameworks",
					"@loader_path/Frameworks",
				);
				PRODUCT_BUNDLE_IDENTIFIER = "imdad.Mobile-MappersUITests";
				PRODUCT_NAME = "$(TARGET_NAME)";
				SWIFT_VERSION = 5.0;
				TARGETED_DEVICE_FAMILY = "1,2";
				TEST_TARGET_NAME = "Mobile Mappers";
			};
			name = Release;
		};
/* End XCBuildConfiguration section */

/* Begin XCConfigurationList section */
		BA0D1F8F2404322D00AA3E31 /* Build configuration list for PBXProject "Mobile Mappers" */ = {
			isa = XCConfigurationList;
			buildConfigurations = (
				BA0D1FBC2404323300AA3E31 /* Debug */,
				BA0D1FBD2404323300AA3E31 /* Release */,
			);
			defaultConfigurationIsVisible = 0;
			defaultConfigurationName = Release;
		};
		BA0D1FBE2404323300AA3E31 /* Build configuration list for PBXNativeTarget "Mobile Mappers" */ = {
			isa = XCConfigurationList;
			buildConfigurations = (
				BA0D1FBF2404323300AA3E31 /* Debug */,
				BA0D1FC02404323300AA3E31 /* Release */,
			);
			defaultConfigurationIsVisible = 0;
			defaultConfigurationName = Release;
		};
		BA0D1FC12404323300AA3E31 /* Build configuration list for PBXNativeTarget "Mobile MappersTests" */ = {
			isa = XCConfigurationList;
			buildConfigurations = (
				BA0D1FC22404323300AA3E31 /* Debug */,
				BA0D1FC32404323300AA3E31 /* Release */,
			);
			defaultConfigurationIsVisible = 0;
			defaultConfigurationName = Release;
		};
		BA0D1FC42404323300AA3E31 /* Build configuration list for PBXNativeTarget "Mobile MappersUITests" */ = {
			isa = XCConfigurationList;
			buildConfigurations = (
				BA0D1FC52404323300AA3E31 /* Debug */,
				BA0D1FC62404323300AA3E31 /* Release */,
			);
			defaultConfigurationIsVisible = 0;
			defaultConfigurationName = Release;
		};
/* End XCConfigurationList section */
	};
	rootObject = BA0D1F8C2404322D00AA3E31 /* Project object */;
}
